
Microsoft Visual Studio Solution File, Format Version 12.00
# Visual Studio Version 17
VisualStudioVersion = 17.4.33103.184
MinimumVisualStudioVersion = 10.0.40219.1
Project("{9A19103F-16F7-4668-BE54-9A1E7A4F7556}") = "ReceiptParser.Consoles", "ReceiptParser\ReceiptParser.Consoles.csproj", "{37A8A347-C547-49C8-9546-2C1B345F4707}"
EndProject
Project("{9A19103F-16F7-4668-BE54-9A1E7A4F7556}") = "ReceiptParser.Module", "ReceiptParser.Foundation\ReceiptParser.Module.csproj", "{301C3B1C-C611-4C0C-BB8A-03CF20082ECB}"
EndProject
Global
	GlobalSection(SolutionConfigurationPlatforms) = preSolution
		Debug|Any CPU = Debug|Any CPU
		Release|Any CPU = Release|Any CPU
	EndGlobalSection
	GlobalSection(ProjectConfigurationPlatforms) = postSolution
		{37A8A347-C547-49C8-9546-2C1B345F4707}.Debug|Any CPU.ActiveCfg = Debug|Any CPU
		{37A8A347-C547-49C8-9546-2C1B345F4707}.Debug|Any CPU.Build.0 = Debug|Any CPU
		{37A8A347-C547-49C8-9546-2C1B345F4707}.Release|Any CPU.ActiveCfg = Release|Any CPU
		{37A8A347-C547-49C8-9546-2C1B345F4707}.Release|Any CPU.Build.0 = Release|Any CPU
		{301C3B1C-C611-4C0C-BB8A-03CF20082ECB}.Debug|Any CPU.ActiveCfg = Debug|Any CPU
		{301C3B1C-C611-4C0C-BB8A-03CF20082ECB}.Debug|Any CPU.Build.0 = Debug|Any CPU
		{301C3B1C-C611-4C0C-BB8A-03CF20082ECB}.Release|Any CPU.ActiveCfg = Release|Any CPU
		{301C3B1C-C611-4C0C-BB8A-03CF20082ECB}.Release|Any CPU.Build.0 = Release|Any CPU
	EndGlobalSection
	GlobalSection(SolutionProperties) = preSolution
		HideSolutionNode = FALSE
	EndGlobalSection
	GlobalSection(ExtensibilityGlobals) = postSolution
		SolutionGuid = {86325383-1BBD-4CE9-8D6D-BD9903AF9A2A}
	EndGlobalSection
EndGlobal
